
Microsoft Visual Studio Solution File, Format Version 12.00
# Visual Studio Version 17
VisualStudioVersion = 17.8.34601.278
MinimumVisualStudioVersion = 10.0.40219.1
Project("{888888A0-9F3D-457C-B088-3A5042F75D52}") = "logisticregression", "logisticregression\logisticregression.pyproj", "{D937ED2E-CDFD-49D3-9147-8A2708280C43}"
EndProject
Global
	GlobalSection(SolutionConfigurationPlatforms) = preSolution
		Debug|Any CPU = Debug|Any CPU
		Release|Any CPU = Release|Any CPU
	EndGlobalSection
	GlobalSection(ProjectConfigurationPlatforms) = postSolution
		{D937ED2E-CDFD-49D3-9147-8A2708280C43}.Debug|Any CPU.ActiveCfg = Debug|Any CPU
		{D937ED2E-CDFD-49D3-9147-8A2708280C43}.Release|Any CPU.ActiveCfg = Release|Any CPU
	EndGlobalSection
	GlobalSection(SolutionProperties) = preSolution
		HideSolutionNode = FALSE
	EndGlobalSection
	GlobalSection(ExtensibilityGlobals) = postSolution
		SolutionGuid = {49FDF171-55A1-4ECE-9E47-5B66C2EE80D9}
	EndGlobalSection
EndGlobal
